
Microsoft Visual Studio Solution File, Format Version 12.00
# Visual Studio Version 17
VisualStudioVersion = 17.14.36109.1 d17.14
MinimumVisualStudioVersion = 10.0.40219.1
Project("{FAE04EC0-301F-11D3-BF4B-00C04F79EFBC}") = "ToanCongTruNhanChia", "ToanCongTruNhanChia.csproj", "{852D576D-158B-428B-8E34-8155D7E885DD}"
EndProject
Global
	GlobalSection(SolutionConfigurationPlatforms) = preSolution
		Debug|Any CPU = Debug|Any CPU
		Release|Any CPU = Release|Any CPU
	EndGlobalSection
	GlobalSection(ProjectConfigurationPlatforms) = postSolution
		{852D576D-158B-428B-8E34-8155D7E885DD}.Debug|Any CPU.ActiveCfg = Debug|Any CPU
		{852D576D-158B-428B-8E34-8155D7E885DD}.Debug|Any CPU.Build.0 = Debug|Any CPU
		{852D576D-158B-428B-8E34-8155D7E885DD}.Release|Any CPU.ActiveCfg = Release|Any CPU
		{852D576D-158B-428B-8E34-8155D7E885DD}.Release|Any CPU.Build.0 = Release|Any CPU
	EndGlobalSection
	GlobalSection(SolutionProperties) = preSolution
		HideSolutionNode = FALSE
	EndGlobalSection
	GlobalSection(ExtensibilityGlobals) = postSolution
		SolutionGuid = {41CD79F3-111D-4DF2-B553-940939D53D58}
	EndGlobalSection
EndGlobal
